<?xml version="1.0" encoding="utf-8"?>
<Project ToolsVersion="4.0" xmlns="http://schemas.microsoft.com/developer/msbuild/2003">
  <ItemGroup>
    <Filter Include="Source Files">
      <UniqueIdentifier>{4FC737F1-C7A5-4376-A066-2A32D752A2FF}</UniqueIdentifier>
      <Extensions>cpp;c;cc;cxx;def;odl;idl;hpj;bat;asm;asmx</Extensions>
    </Filter>
    <Filter Include="Header Files">
      <UniqueIdentifier>{93995380-89BD-4b04-88EB-625FBE52EBFB}</UniqueIdentifier>
      <Extensions>h;hpp;hxx;hm;inl;inc;xsd</Extensions>
    </Filter>
    <Filter Include="Resource Files">
      <UniqueIdentifier>{67DA6AB6-F800-4c08-8B7A-83BB121AAD01}</UniqueIdentifier>
      <Extensions>rc;ico;cur;bmp;dlg;rc2;rct;bin;rgs;gif;jpg;jpeg;jpe;resx;tiff;tif;png;wav;mfcribbon-ms</Extensions>
    </Filter>
    <Filter Include="Header Files\Object">
      <UniqueIdentifier>{281cd818-2ba7-4ef4-be82-dd830974a56f}</UniqueIdentifier>
    </Filter>
    <Filter Include="Header Files\Handler">
      <UniqueIdentifier>{13e54dfe-230e-4424-b064-0d7948aaaf79}</UniqueIdentifier>
    </Filter>
    <Filter Include="Header Files\Manager">
      <UniqueIdentifier>{5ac49ce2-5085-468e-a038-308a2dc3252a}</UniqueIdentifier>
    </Filter>
    <Filter Include="Header Files\Core">
      <UniqueIdentifier>{0dc70027-6f67-4d38-9ad5-5605d09dfa61}</UniqueIdentifier>
    </Filter>
    <Filter Include="Header Files\Common">
      <UniqueIdentifier>{cccf505f-1a51-4eeb-b1d8-321206085121}</UniqueIdentifier>
    </Filter>
    <Filter Include="Source Files\Object">
      <UniqueIdentifier>{a9bbf175-357a-4aaa-a1d5-c79036c6f6bc}</UniqueIdentifier>
    </Filter>
    <Filter Include="Source Files\Common">
      <UniqueIdentifier>{33edb992-d3f5-4a00-9e98-f74b3f11675a}</UniqueIdentifier>
    </Filter>
    <Filter Include="Source Files\Core">
      <UniqueIdentifier>{c6936c7a-4ef2-4e4e-854e-e492e880abcd}</UniqueIdentifier>
    </Filter>
    <Filter Include="Source Files\Handler">
      <UniqueIdentifier>{f050cb2e-760d-4156-a8ce-ba1e3deff197}</UniqueIdentifier>
    </Filter>
    <Filter Include="Source Files\Manager">
      <UniqueIdentifier>{4c9bbb78-f325-4514-960a-85c87dd3ab36}</UniqueIdentifier>
    </Filter>
    <Filter Include="Header Files\Factory">
      <UniqueIdentifier>{33e22b5b-4100-4803-b301-671fd3689ae0}</UniqueIdentifier>
    </Filter>
    <Filter Include="Source Files\Factory">
      <UniqueIdentifier>{1faa917a-c997-444e-9a42-b4b33562084e}</UniqueIdentifier>
    </Filter>
    <Filter Include="Header Files\Object\Ground">
      <UniqueIdentifier>{45242dab-6d3d-46a5-b33a-b55dfa1e2d42}</UniqueIdentifier>
    </Filter>
    <Filter Include="Header Files\Object\Projectile">
      <UniqueIdentifier>{3d72f582-78db-4be6-8e17-70be4bddc8c3}</UniqueIdentifier>
    </Filter>
    <Filter Include="Header Files\Object\Tank">
      <UniqueIdentifier>{d69a1784-f100-40a0-a9bc-9e810e65a480}</UniqueIdentifier>
    </Filter>
    <Filter Include="Header Files\Object\Wall">
      <UniqueIdentifier>{46081da4-00b7-4c1f-8d57-c7269bd69237}</UniqueIdentifier>
    </Filter>
    <Filter Include="Source Files\Object\Ground">
      <UniqueIdentifier>{23373455-8a69-4dba-ad64-c7f735de9513}</UniqueIdentifier>
    </Filter>
    <Filter Include="Source Files\Object\Projectile">
      <UniqueIdentifier>{31402773-9093-4f07-9e98-f23b73c3f67e}</UniqueIdentifier>
    </Filter>
    <Filter Include="Source Files\Object\Tank">
      <UniqueIdentifier>{cc45cf80-ab96-4e5e-b707-80be8167a271}</UniqueIdentifier>
    </Filter>
    <Filter Include="Source Files\Object\Wall">
      <UniqueIdentifier>{e8829f1b-1f03-43e8-928c-6b4c5b174e8e}</UniqueIdentifier>
    </Filter>
    <Filter Include="Header Files\Object\Box">
      <UniqueIdentifier>{3a38e6bb-5008-4e5f-89f9-ea73807db495}</UniqueIdentifier>
    </Filter>
    <Filter Include="Source Files\Object\Box">
      <UniqueIdentifier>{10d56d89-3bc7-41ba-a65c-efaf64b08a32}</UniqueIdentifier>
    </Filter>
  </ItemGroup>
  <ItemGroup>
    <ClInclude Include="include\manager\TankManager.h">
      <Filter>Header Files\Manager</Filter>
    </ClInclude>
    <ClInclude Include="include\core\World.h">
      <Filter>Header Files\Core</Filter>
    </ClInclude>
    <ClInclude Include="include\core\TankApp.h">
      <Filter>Header Files\Core</Filter>
    </ClInclude>
    <ClInclude Include="include\core\TankCamera.h">
      <Filter>Header Files\Core</Filter>
    </ClInclude>
    <ClInclude Include="include\handler\InputHandler.h">
      <Filter>Header Files\Handler</Filter>
    </ClInclude>
    <ClInclude Include="include\factory\ObjectFactory.h">
      <Filter>Header Files\Factory</Filter>
    </ClInclude>
    <ClInclude Include="include\core\PhysicsWorld.h">
      <Filter>Header Files\Core</Filter>
    </ClInclude>
    <ClInclude Include="include\object\PhysicsObject.h">
      <Filter>Header Files\Object</Filter>
    </ClInclude>
    <ClInclude Include="include\object\OgreObject.h">
      <Filter>Header Files\Object</Filter>
    </ClInclude>
    <ClInclude Include="include\core\OgreWorld.h">
      <Filter>Header Files\Core</Filter>
    </ClInclude>
    <ClInclude Include="include\object\AbstractObject.h">
      <Filter>Header Files\Object</Filter>
    </ClInclude>
    <ClInclude Include="include\object\tank\OgreTank.h">
      <Filter>Header Files\Object\Tank</Filter>
    </ClInclude>
    <ClInclude Include="include\object\tank\PhysicsTank.h">
      <Filter>Header Files\Object\Tank</Filter>
    </ClInclude>
    <ClInclude Include="include\object\wall\OgreWall.h">
      <Filter>Header Files\Object\Wall</Filter>
    </ClInclude>
    <ClInclude Include="include\object\wall\PhysicsWall.h">
      <Filter>Header Files\Object\Wall</Filter>
    </ClInclude>
    <ClInclude Include="include\object\wall\Wall.h">
      <Filter>Header Files\Object\Wall</Filter>
    </ClInclude>
    <ClInclude Include="include\object\tank\Tank.h">
      <Filter>Header Files\Object\Tank</Filter>
    </ClInclude>
    <ClInclude Include="include\object\ground\Ground.h">
      <Filter>Header Files\Object\Ground</Filter>
    </ClInclude>
    <ClInclude Include="include\object\ground\OgreGround.h">
      <Filter>Header Files\Object\Ground</Filter>
    </ClInclude>
    <ClInclude Include="include\object\ground\PhysicsGround.h">
      <Filter>Header Files\Object\Ground</Filter>
    </ClInclude>
    <ClInclude Include="include\object\box\Box.h">
      <Filter>Header Files\Object\Box</Filter>
    </ClInclude>
    <ClInclude Include="include\object\box\OgreBox.h">
      <Filter>Header Files\Object\Box</Filter>
    </ClInclude>
    <ClInclude Include="include\object\box\PhysicsBox.h">
      <Filter>Header Files\Object\Box</Filter>
    </ClInclude>
    <ClInclude Include="include\manager\AIManager.h">
      <Filter>Header Files\Manager</Filter>
    </ClInclude>
    <ClInclude Include="include\common\Properties.h">
      <Filter>Header Files\Common</Filter>
    </ClInclude>
    <ClInclude Include="include\manager\SoundManager.h">
      <Filter>Header Files\Manager</Filter>
    </ClInclude>
    <ClInclude Include="include\object\projectile\Missile.h">
      <Filter>Header Files\Object\Projectile</Filter>
    </ClInclude>
    <ClInclude Include="include\object\projectile\OgreMissile.h">
      <Filter>Header Files\Object\Projectile</Filter>
    </ClInclude>
    <ClInclude Include="include\object\projectile\PhysicsMissile.h">
      <Filter>Header Files\Object\Projectile</Filter>
    </ClInclude>
    <ClInclude Include="include\object\projectile\OgreShell.h">
      <Filter>Header Files\Object\Projectile</Filter>
    </ClInclude>
    <ClInclude Include="include\object\projectile\PhysicsShell.h">
      <Filter>Header Files\Object\Projectile</Filter>
    </ClInclude>
    <ClInclude Include="include\object\projectile\Shell.h">
      <Filter>Header Files\Object\Projectile</Filter>
    </ClInclude>
    <ClInclude Include="include\object\projectile\Projectile.h">
      <Filter>Header Files\Object\Projectile</Filter>
    </ClInclude>
  </ItemGroup>
  <ItemGroup>
    <ClCompile Include="source\core\main.cpp">
      <Filter>Source Files\Core</Filter>
    </ClCompile>
    <ClCompile Include="source\manager\TankManager.cpp">
      <Filter>Source Files\Manager</Filter>
    </ClCompile>
    <ClCompile Include="source\core\World.cpp">
      <Filter>Source Files\Core</Filter>
    </ClCompile>
    <ClCompile Include="source\core\TankApp.cpp">
      <Filter>Source Files\Core</Filter>
    </ClCompile>
    <ClCompile Include="source\core\TankCamera.cpp">
      <Filter>Source Files\Core</Filter>
    </ClCompile>
    <ClCompile Include="source\handler\InputHandler.cpp">
      <Filter>Source Files\Handler</Filter>
    </ClCompile>
    <ClCompile Include="source\factory\ObjectFactory.cpp">
      <Filter>Source Files\Factory</Filter>
    </ClCompile>
    <ClCompile Include="source\core\PhysicsWorld.cpp">
      <Filter>Source Files\Core</Filter>
    </ClCompile>
    <ClCompile Include="source\object\PhysicsObject.cpp">
      <Filter>Source Files\Object</Filter>
    </ClCompile>
    <ClCompile Include="source\object\OgreObject.cpp">
      <Filter>Source Files\Object</Filter>
    </ClCompile>
    <ClCompile Include="source\core\OgreWorld.cpp">
      <Filter>Source Files\Core</Filter>
    </ClCompile>
    <ClCompile Include="source\object\AbstractObject.cpp">
      <Filter>Source Files\Object</Filter>
    </ClCompile>
    <ClCompile Include="source\object\ground\Ground.cpp">
      <Filter>Source Files\Object\Ground</Filter>
    </ClCompile>
    <ClCompile Include="source\object\ground\OgreGround.cpp">
      <Filter>Source Files\Object\Ground</Filter>
    </ClCompile>
    <ClCompile Include="source\object\ground\PhysicsGround.cpp">
      <Filter>Source Files\Object\Ground</Filter>
    </ClCompile>
    <ClCompile Include="source\object\tank\OgreTank.cpp">
      <Filter>Source Files\Object\Tank</Filter>
    </ClCompile>
    <ClCompile Include="source\object\tank\PhysicsTank.cpp">
      <Filter>Source Files\Object\Tank</Filter>
    </ClCompile>
    <ClCompile Include="source\object\tank\Tank.cpp">
      <Filter>Source Files\Object\Tank</Filter>
    </ClCompile>
    <ClCompile Include="source\object\wall\OgreWall.cpp">
      <Filter>Source Files\Object\Wall</Filter>
    </ClCompile>
    <ClCompile Include="source\object\wall\PhysicsWall.cpp">
      <Filter>Source Files\Object\Wall</Filter>
    </ClCompile>
    <ClCompile Include="source\object\wall\Wall.cpp">
      <Filter>Source Files\Object\Wall</Filter>
    </ClCompile>
    <ClCompile Include="source\object\box\OgreBox.cpp">
      <Filter>Source Files\Object\Box</Filter>
    </ClCompile>
    <ClCompile Include="source\object\box\PhysicsBox.cpp">
      <Filter>Source Files\Object\Box</Filter>
    </ClCompile>
    <ClCompile Include="source\object\box\Box.cpp">
      <Filter>Source Files\Object\Box</Filter>
    </ClCompile>
    <ClCompile Include="source\manager\AIManager.cpp">
      <Filter>Source Files\Manager</Filter>
    </ClCompile>
    <ClCompile Include="source\manager\SoundManager.cpp">
      <Filter>Source Files\Manager</Filter>
    </ClCompile>
    <ClCompile Include="source\object\projectile\Missile.cpp">
      <Filter>Source Files\Object\Projectile</Filter>
    </ClCompile>
    <ClCompile Include="source\object\projectile\OgreMissile.cpp">
      <Filter>Source Files\Object\Projectile</Filter>
    </ClCompile>
    <ClCompile Include="source\object\projectile\PhysicsMissile.cpp">
      <Filter>Source Files\Object\Projectile</Filter>
    </ClCompile>
    <ClCompile Include="source\object\projectile\OgreShell.cpp">
      <Filter>Source Files\Object\Projectile</Filter>
    </ClCompile>
    <ClCompile Include="source\object\projectile\PhysicsShell.cpp">
      <Filter>Source Files\Object\Projectile</Filter>
    </ClCompile>
    <ClCompile Include="source\object\projectile\Shell.cpp">
      <Filter>Source Files\Object\Projectile</Filter>
    </ClCompile>
    <ClCompile Include="source\object\projectile\Projectile.cpp">
      <Filter>Source Files\Object\Projectile</Filter>
    </ClCompile>
    <ClCompile Include="source\common\Properties.cpp">
      <Filter>Source Files\Common</Filter>
    </ClCompile>
  </ItemGroup>
</Project>